
Microsoft Visual Studio Solution File, Format Version 12.00
# Visual Studio Version 17
VisualStudioVersion = 17.4.33213.308
MinimumVisualStudioVersion = 10.0.40219.1
Project("{FAE04EC0-301F-11D3-BF4B-00C04F79EFBC}") = "Verbosity", "Verbosity\Verbosity.csproj", "{033B8DDF-C90C-468B-93C7-0C7B418EFC93}"
EndProject
Global
	GlobalSection(SolutionConfigurationPlatforms) = preSolution
		Debug|Any CPU = Debug|Any CPU
		Release|Any CPU = Release|Any CPU
	EndGlobalSection
	GlobalSection(ProjectConfigurationPlatforms) = postSolution
		{033B8DDF-C90C-468B-93C7-0C7B418EFC93}.Debug|Any CPU.ActiveCfg = Debug|Any CPU
		{033B8DDF-C90C-468B-93C7-0C7B418EFC93}.Debug|Any CPU.Build.0 = Debug|Any CPU
		{033B8DDF-C90C-468B-93C7-0C7B418EFC93}.Release|Any CPU.ActiveCfg = Release|Any CPU
		{033B8DDF-C90C-468B-93C7-0C7B418EFC93}.Release|Any CPU.Build.0 = Release|Any CPU
	EndGlobalSection
	GlobalSection(SolutionProperties) = preSolution
		HideSolutionNode = FALSE
	EndGlobalSection
	GlobalSection(ExtensibilityGlobals) = postSolution
		SolutionGuid = {FD0085A4-36CA-455E-8BBA-A03EE4A005CC}
	EndGlobalSection
EndGlobal
